{
  "nodes": {
    "nixpkgs": {
      "locked": {
        "lastModified": 1785626905,
        "narHash": "sha256-bz+s0W3nu5xndH2yEVo6eCjEZxgPVnh02noFoON90+M=",
        "owner": "anglesideangle",
        "repo": "nixpkgs",
        "rev": "111bee7ddf0bdbda3eb7aad819072891612305b0",
        "type": "github"
      },
      "original": {
        "owner": "anglesideangle",
        "ref": "fix-repart-formatting",
        "repo": "nixpkgs",
        "type": "github"
      }
    },
    "root": {
      "inputs": {
        "nixpkgs": "nixpkgs"
      }
    }
  },
  "root": "root",
  "version": 7
}
