{
  "nodes": {
    "mantle": {
      "inputs": {
        "nixpkgs": [
          "nixpkgs"
        ]
      },
      "locked": {
        "lastModified": 1785044365,
        "narHash": "sha256-wW7PRye/RdFetNonGQkZbGSBJnTrqaAlH4GeSHXcpdQ=",
        "path": "/home/asa/Projects/mantle",
        "type": "path"
      },
      "original": {
        "path": "/home/asa/Projects/mantle",
        "type": "path"
      }
    },
    "nixos-hardware": {
      "inputs": {
        "nixpkgs": [
          "nixpkgs"
        ]
      },
      "locked": {
        "lastModified": 1784723954,
        "narHash": "sha256-1CfD8ZUjCkTgjsneLZ/lxCHhgDfqxxE7/GX0MmsgiqA=",
        "owner": "nixos",
        "repo": "nixos-hardware",
        "rev": "a017f5b72210026af5b3ac5949f08d94380a6fbd",
        "type": "github"
      },
      "original": {
        "owner": "nixos",
        "repo": "nixos-hardware",
        "type": "github"
      }
    },
    "nixpkgs": {
      "locked": {
        "lastModified": 1784952766,
        "narHash": "sha256-WR4pi48ecuyS4piK8tx9WOg3bLwCDXQ5ihOPMZ+gIIE=",
        "owner": "anglesideangle",
        "repo": "nixpkgs",
        "rev": "be5fbdd94f1b07a5a708ea4d97340e79c86bd77d",
        "type": "github"
      },
      "original": {
        "owner": "anglesideangle",
        "ref": "userborn-cross-compilation",
        "repo": "nixpkgs",
        "type": "github"
      }
    },
    "root": {
      "inputs": {
        "mantle": "mantle",
        "nixos-hardware": "nixos-hardware",
        "nixpkgs": "nixpkgs"
      }
    }
  },
  "root": "root",
  "version": 7
}
