{
  "nodes": {
    "mantle": {
      "inputs": {
        "nixpkgs": [
          "nixpkgs"
        ]
      },
      "locked": {
        "lastModified": 1785635805,
        "narHash": "sha256-yEozz1rPoVYJI1yYjaLtmSjx7z/sIUfBNhLKoAinntM=",
        "path": "/home/asa/Projects/mantle",
        "type": "path"
      },
      "original": {
        "path": "/home/asa/Projects/mantle",
        "type": "path"
      }
    },
    "nixos-hardware": {
      "inputs": {
        "nixpkgs": [
          "nixpkgs"
        ]
      },
      "locked": {
        "lastModified": 1785232496,
        "narHash": "sha256-65EQYIRRpTdpH8lUiB6Mvo5uBkG60aBIzAJuALfx+O0=",
        "owner": "nixos",
        "repo": "nixos-hardware",
        "rev": "2e790b0a6be8ec2b76174ac0931b8ff11919ec98",
        "type": "github"
      },
      "original": {
        "owner": "nixos",
        "repo": "nixos-hardware",
        "type": "github"
      }
    },
    "nixpkgs": {
      "locked": {
        "lastModified": 1785626905,
        "narHash": "sha256-bz+s0W3nu5xndH2yEVo6eCjEZxgPVnh02noFoON90+M=",
        "owner": "anglesideangle",
        "repo": "nixpkgs",
        "rev": "111bee7ddf0bdbda3eb7aad819072891612305b0",
        "type": "github"
      },
      "original": {
        "owner": "anglesideangle",
        "ref": "fix-repart-formatting",
        "repo": "nixpkgs",
        "type": "github"
      }
    },
    "root": {
      "inputs": {
        "mantle": "mantle",
        "nixos-hardware": "nixos-hardware",
        "nixpkgs": "nixpkgs"
      }
    }
  },
  "root": "root",
  "version": 7
}
