{
  "nodes": {
    "cuda-legacy": {
      "inputs": {
        "flake-parts": [
          "jetpack",
          "cuda-legacy"
        ],
        "nixpkgs": [
          "jetpack",
          "nixpkgs"
        ]
      },
      "locked": {
        "lastModified": 1779836515,
        "narHash": "sha256-X/AwJZeTjxetRM7JG2BXeffKa1PIg/uo8AP5TX/+kb0=",
        "owner": "nixos-cuda",
        "repo": "cuda-legacy",
        "rev": "baf22622e1114bb36412e5cebe2303f302edb882",
        "type": "github"
      },
      "original": {
        "owner": "nixos-cuda",
        "repo": "cuda-legacy",
        "type": "github"
      }
    },
    "jetpack": {
      "inputs": {
        "cuda-legacy": "cuda-legacy",
        "nixpkgs": [
          "nixpkgs"
        ]
      },
      "locked": {
        "lastModified": 1785439247,
        "narHash": "sha256-NSwtPEFxHlN7+l/dX0H+9bN/fOol+Tjurdq2P1v1Gyk=",
        "owner": "anduril",
        "repo": "jetpack-nixos",
        "rev": "4d857d6da48c420da39964b6fb7ba23a958abad3",
        "type": "github"
      },
      "original": {
        "owner": "anduril",
        "ref": "master",
        "repo": "jetpack-nixos",
        "type": "github"
      }
    },
    "mantle": {
      "inputs": {
        "nixpkgs": [
          "nixpkgs"
        ]
      },
      "locked": {
        "lastModified": 1785717546,
        "narHash": "sha256-zp1g7qrL0SUSwu0MwnBQ/xEMUtvtaOs/Ai44IU85GcQ=",
        "path": "/home/asa/Projects/mantle",
        "type": "path"
      },
      "original": {
        "path": "/home/asa/Projects/mantle",
        "type": "path"
      }
    },
    "nixpkgs": {
      "locked": {
        "lastModified": 1785626905,
        "narHash": "sha256-bz+s0W3nu5xndH2yEVo6eCjEZxgPVnh02noFoON90+M=",
        "owner": "anglesideangle",
        "repo": "nixpkgs",
        "rev": "111bee7ddf0bdbda3eb7aad819072891612305b0",
        "type": "github"
      },
      "original": {
        "owner": "anglesideangle",
        "ref": "fix-repart-formatting",
        "repo": "nixpkgs",
        "type": "github"
      }
    },
    "root": {
      "inputs": {
        "jetpack": "jetpack",
        "mantle": "mantle",
        "nixpkgs": "nixpkgs"
      }
    }
  },
  "root": "root",
  "version": 7
}
