{
  "nodes": {
    "cuda-legacy": {
      "inputs": {
        "flake-parts": [
          "jetpack",
          "cuda-legacy"
        ],
        "nixpkgs": [
          "jetpack",
          "nixpkgs"
        ]
      },
      "locked": {
        "lastModified": 1768505959,
        "narHash": "sha256-oFCx/ApQ+S1/apUKWsvT9vq+Eo1m2vINWEDkW7/nckA=",
        "owner": "nixos-cuda",
        "repo": "cuda-legacy",
        "rev": "86ad7e2c2e314f0234539cbbc66b5cd7746bcd32",
        "type": "github"
      },
      "original": {
        "owner": "nixos-cuda",
        "repo": "cuda-legacy",
        "type": "github"
      }
    },
    "jetpack": {
      "inputs": {
        "cuda-legacy": "cuda-legacy",
        "nixpkgs": [
          "nixpkgs"
        ]
      },
      "locked": {
        "lastModified": 1778198474,
        "narHash": "sha256-/wU5i23kEyVYR+L8qaLVXgE62lg2gxn4t2b0fijmr+o=",
        "owner": "anduril",
        "repo": "jetpack-nixos",
        "rev": "d4bf99f08d624b3d5c43c16d8390a484bac841ea",
        "type": "github"
      },
      "original": {
        "owner": "anduril",
        "ref": "master",
        "repo": "jetpack-nixos",
        "type": "github"
      }
    },
    "mantle": {
      "inputs": {
        "nixpkgs": [
          "nixpkgs"
        ]
      },
      "locked": {
        "lastModified": 1778393010,
        "narHash": "sha256-nFdDNgyxbfiuHMJRgQZnv5T5kkGDD6SkNIRS77D5u0M=",
        "path": "/home/asa/Projects/mantle",
        "type": "path"
      },
      "original": {
        "path": "/home/asa/Projects/mantle",
        "type": "path"
      }
    },
    "nixpkgs": {
      "locked": {
        "lastModified": 1778003029,
        "narHash": "sha256-q/nkKLDtHIyLjZpKhWk3cSK5IYsFqtMd6UtXF3ddjgA=",
        "owner": "nixos",
        "repo": "nixpkgs",
        "rev": "0c88e1f2bdb93d5999019e99cb0e61e1fe2af4c5",
        "type": "github"
      },
      "original": {
        "owner": "nixos",
        "ref": "nixos-25.11",
        "repo": "nixpkgs",
        "type": "github"
      }
    },
    "root": {
      "inputs": {
        "jetpack": "jetpack",
        "mantle": "mantle",
        "nixpkgs": "nixpkgs"
      }
    }
  },
  "root": "root",
  "version": 7
}
